
Microsoft Visual Studio Solution File, Format Version 12.00
# Visual Studio Version 16
VisualStudioVersion = 16.0.28721.148
MinimumVisualStudioVersion = 10.0.40219.1
Project("{FAE04EC0-301F-11D3-BF4B-00C04F79EFBC}") = "WalkingDog", "WalkingDog.csproj", "{922573C2-8B1F-455D-9D02-F712D73AE7A5}"
EndProject
Project("{FAE04EC0-301F-11D3-BF4B-00C04F79EFBC}") = "WalkingDog.Tests", "..\WalkingDog.Tests\WalkingDog.Tests.csproj", "{6F634CAC-A91F-4DBA-888B-3732C556D694}"
EndProject
Global
	GlobalSection(SolutionConfigurationPlatforms) = preSolution
		Debug|Any CPU = Debug|Any CPU
		Release|Any CPU = Release|Any CPU
	EndGlobalSection
	GlobalSection(ProjectConfigurationPlatforms) = postSolution
		{922573C2-8B1F-455D-9D02-F712D73AE7A5}.Debug|Any CPU.ActiveCfg = Debug|Any CPU
		{922573C2-8B1F-455D-9D02-F712D73AE7A5}.Debug|Any CPU.Build.0 = Debug|Any CPU
		{922573C2-8B1F-455D-9D02-F712D73AE7A5}.Release|Any CPU.ActiveCfg = Release|Any CPU
		{922573C2-8B1F-455D-9D02-F712D73AE7A5}.Release|Any CPU.Build.0 = Release|Any CPU
		{6F634CAC-A91F-4DBA-888B-3732C556D694}.Debug|Any CPU.ActiveCfg = Debug|Any CPU
		{6F634CAC-A91F-4DBA-888B-3732C556D694}.Debug|Any CPU.Build.0 = Debug|Any CPU
		{6F634CAC-A91F-4DBA-888B-3732C556D694}.Release|Any CPU.ActiveCfg = Release|Any CPU
		{6F634CAC-A91F-4DBA-888B-3732C556D694}.Release|Any CPU.Build.0 = Release|Any CPU
	EndGlobalSection
	GlobalSection(SolutionProperties) = preSolution
		HideSolutionNode = FALSE
	EndGlobalSection
	GlobalSection(ExtensibilityGlobals) = postSolution
		SolutionGuid = {12A5C3F6-9448-48DD-9DEB-49C400CD5914}
	EndGlobalSection
EndGlobal
