
Microsoft Visual Studio Solution File, Format Version 12.00
# Visual Studio Version 16
VisualStudioVersion = 16.0.28606.126
MinimumVisualStudioVersion = 10.0.40219.1
Project("{FAE04EC0-301F-11D3-BF4B-00C04F79EFBC}") = "ModifiedHashTable", "ModifiedHashTable.csproj", "{6FB96D91-BDBD-45F8-9FF9-9A1772F55EA0}"
EndProject
Project("{FAE04EC0-301F-11D3-BF4B-00C04F79EFBC}") = "ModifiedHashTable.Tests", "..\ModifiedHashTable.Tests\ModifiedHashTable.Tests.csproj", "{4D7E4CDD-ADE3-483C-B6D3-94C611DBB61E}"
EndProject
Global
	GlobalSection(SolutionConfigurationPlatforms) = preSolution
		Debug|Any CPU = Debug|Any CPU
		Release|Any CPU = Release|Any CPU
	EndGlobalSection
	GlobalSection(ProjectConfigurationPlatforms) = postSolution
		{6FB96D91-BDBD-45F8-9FF9-9A1772F55EA0}.Debug|Any CPU.ActiveCfg = Debug|Any CPU
		{6FB96D91-BDBD-45F8-9FF9-9A1772F55EA0}.Debug|Any CPU.Build.0 = Debug|Any CPU
		{6FB96D91-BDBD-45F8-9FF9-9A1772F55EA0}.Release|Any CPU.ActiveCfg = Release|Any CPU
		{6FB96D91-BDBD-45F8-9FF9-9A1772F55EA0}.Release|Any CPU.Build.0 = Release|Any CPU
		{4D7E4CDD-ADE3-483C-B6D3-94C611DBB61E}.Debug|Any CPU.ActiveCfg = Debug|Any CPU
		{4D7E4CDD-ADE3-483C-B6D3-94C611DBB61E}.Debug|Any CPU.Build.0 = Debug|Any CPU
		{4D7E4CDD-ADE3-483C-B6D3-94C611DBB61E}.Release|Any CPU.ActiveCfg = Release|Any CPU
		{4D7E4CDD-ADE3-483C-B6D3-94C611DBB61E}.Release|Any CPU.Build.0 = Release|Any CPU
	EndGlobalSection
	GlobalSection(SolutionProperties) = preSolution
		HideSolutionNode = FALSE
	EndGlobalSection
	GlobalSection(ExtensibilityGlobals) = postSolution
		SolutionGuid = {D9F97D75-14BD-4984-983A-72444E4843D4}
	EndGlobalSection
EndGlobal
