
Microsoft Visual Studio Solution File, Format Version 12.00
# Visual Studio Version 16
VisualStudioVersion = 16.0.28714.193
MinimumVisualStudioVersion = 10.0.40219.1
Project("{FAE04EC0-301F-11D3-BF4B-00C04F79EFBC}") = "UniqueListWithExceptions", "UniqueListWithExceptions.csproj", "{F1212521-FC12-4C6A-A433-53F7A72AAC27}"
EndProject
Global
	GlobalSection(SolutionConfigurationPlatforms) = preSolution
		Debug|Any CPU = Debug|Any CPU
		Release|Any CPU = Release|Any CPU
	EndGlobalSection
	GlobalSection(ProjectConfigurationPlatforms) = postSolution
		{F1212521-FC12-4C6A-A433-53F7A72AAC27}.Debug|Any CPU.ActiveCfg = Debug|Any CPU
		{F1212521-FC12-4C6A-A433-53F7A72AAC27}.Debug|Any CPU.Build.0 = Debug|Any CPU
		{F1212521-FC12-4C6A-A433-53F7A72AAC27}.Release|Any CPU.ActiveCfg = Release|Any CPU
		{F1212521-FC12-4C6A-A433-53F7A72AAC27}.Release|Any CPU.Build.0 = Release|Any CPU
	EndGlobalSection
	GlobalSection(SolutionProperties) = preSolution
		HideSolutionNode = FALSE
	EndGlobalSection
	GlobalSection(ExtensibilityGlobals) = postSolution
		SolutionGuid = {3A65636B-3CAC-480E-A70D-DE835C190113}
	EndGlobalSection
EndGlobal
